// !$*UTF8*$!
{
	archiveVersion = 1;
	classes = {
	};
	objectVersion = 46;
	objects = {

/* Begin PBXBuildFile section */
		BA114552F5BE9B562A040DA7 /* Pods_Ganjoor.framework in Frameworks */ = {isa = PBXBuildFile; fileRef = 374B1FA8C0CD6C1A54FF9020 /* Pods_Ganjoor.framework */; };
		CB06FA001E798ED200C06422 /* PoemCategoryVC.swift in Sources */ = {isa = PBXBuildFile; fileRef = CB06F9FF1E798ED200C06422 /* PoemCategoryVC.swift */; };
		CB2A8CE11EBF6A6D00C06422 /* SelfSizedCell.swift in Sources */ = {isa = PBXBuildFile; fileRef = CB2A8CE01EBF6A6D00C06422 /* SelfSizedCell.swift */; };
		CBA548D81EBBEB8000C06422 /* Models.swift in Sources */ = {isa = PBXBuildFile; fileRef = CBA548D71EBBEB8000C06422 /* Models.swift */; };
		CBA548DC1EBBF6C200C06422 /* CategoriesVC.swift in Sources */ = {isa = PBXBuildFile; fileRef = CBA548DB1EBBF6C200C06422 /* CategoriesVC.swift */; };
		CBA548DE1EBBF6CA00C06422 /* PoetsVC.swift in Sources */ = {isa = PBXBuildFile; fileRef = CBA548DD1EBBF6CA00C06422 /* PoetsVC.swift */; };
		CBA548E01EBBF6D900C06422 /* VerseVC.swift in Sources */ = {isa = PBXBuildFile; fileRef = CBA548DF1EBBF6D900C06422 /* VerseVC.swift */; };
		CBA548E61EBBFA1C00C06422 /* Vazir-Bold-FD.ttf in Resources */ = {isa = PBXBuildFile; fileRef = CBA548E31EBBFA1C00C06422 /* Vazir-Bold-FD.ttf */; };
		CBA548E71EBBFA1C00C06422 /* Vazir-FD.ttf in Resources */ = {isa = PBXBuildFile; fileRef = CBA548E41EBBFA1C00C06422 /* Vazir-FD.ttf */; };
		CBA548E81EBBFA1C00C06422 /* Vazir-Light-FD.ttf in Resources */ = {isa = PBXBuildFile; fileRef = CBA548E51EBBFA1C00C06422 /* Vazir-Light-FD.ttf */; };
		CBA548EA1EBBFA5900C06422 /* FontExtension.swift in Sources */ = {isa = PBXBuildFile; fileRef = CBA548E91EBBFA5900C06422 /* FontExtension.swift */; };
		CBA64BDC1E648DE700C06422 /* AppDelegate.swift in Sources */ = {isa = PBXBuildFile; fileRef = CBA64BDB1E648DE700C06422 /* AppDelegate.swift */; };
		CBA64BE31E648DE700C06422 /* Assets.xcassets in Resources */ = {isa = PBXBuildFile; fileRef = CBA64BE21E648DE700C06422 /* Assets.xcassets */; };
		CBA64BE61E648DE700C06422 /* LaunchScreen.storyboard in Resources */ = {isa = PBXBuildFile; fileRef = CBA64BE41E648DE700C06422 /* LaunchScreen.storyboard */; };
		CBFC8C431E71E67600C06422 /* GanjoorProvider.swift in Sources */ = {isa = PBXBuildFile; fileRef = CBFC8C421E71E67600C06422 /* GanjoorProvider.swift */; };
/* End PBXBuildFile section */

/* Begin PBXFileReference section */
		374B1FA8C0CD6C1A54FF9020 /* Pods_Ganjoor.framework */ = {isa = PBXFileReference; explicitFileType = wrapper.framework; includeInIndex = 0; path = Pods_Ganjoor.framework; sourceTree = BUILT_PRODUCTS_DIR; };
		A743597C8BE92B6BAC95F56D /* Pods-Ganjoor.release.xcconfig */ = {isa = PBXFileReference; includeInIndex = 1; lastKnownFileType = text.xcconfig; name = "Pods-Ganjoor.release.xcconfig"; path = "Pods/Target Support Files/Pods-Ganjoor/Pods-Ganjoor.release.xcconfig"; sourceTree = "<group>"; };
		CB06F9FF1E798ED200C06422 /* PoemCategoryVC.swift */ = {isa = PBXFileReference; fileEncoding = 4; lastKnownFileType = sourcecode.swift; name = PoemCategoryVC.swift; path = UI/Poem/PoemCategoryVC.swift; sourceTree = "<group>"; };
		CB2A8CE01EBF6A6D00C06422 /* SelfSizedCell.swift */ = {isa = PBXFileReference; fileEncoding = 4; lastKnownFileType = sourcecode.swift; name = SelfSizedCell.swift; path = UI/SelfSizedCell.swift; sourceTree = "<group>"; };
		CBA548D71EBBEB8000C06422 /* Models.swift */ = {isa = PBXFileReference; fileEncoding = 4; lastKnownFileType = sourcecode.swift; name = Models.swift; path = Core/Models.swift; sourceTree = "<group>"; };
		CBA548DB1EBBF6C200C06422 /* CategoriesVC.swift */ = {isa = PBXFileReference; fileEncoding = 4; lastKnownFileType = sourcecode.swift; name = CategoriesVC.swift; path = UI/Category/CategoriesVC.swift; sourceTree = "<group>"; };
		CBA548DD1EBBF6CA00C06422 /* PoetsVC.swift */ = {isa = PBXFileReference; fileEncoding = 4; lastKnownFileType = sourcecode.swift; name = PoetsVC.swift; path = UI/Poet/PoetsVC.swift; sourceTree = "<group>"; };
		CBA548DF1EBBF6D900C06422 /* VerseVC.swift */ = {isa = PBXFileReference; fileEncoding = 4; lastKnownFileType = sourcecode.swift; name = VerseVC.swift; path = UI/Verse/VerseVC.swift; sourceTree = "<group>"; };
		CBA548E11EBBF93200C06422 /* fa-IR */ = {isa = PBXFileReference; lastKnownFileType = file.storyboard; name = "fa-IR"; path = "fa-IR.lproj/LaunchScreen.storyboard"; sourceTree = "<group>"; };
		CBA548E31EBBFA1C00C06422 /* Vazir-Bold-FD.ttf */ = {isa = PBXFileReference; lastKnownFileType = file; name = "Vazir-Bold-FD.ttf"; path = "UI/Fonts/Vazir-Bold-FD.ttf"; sourceTree = "<group>"; };
		CBA548E41EBBFA1C00C06422 /* Vazir-FD.ttf */ = {isa = PBXFileReference; lastKnownFileType = file; name = "Vazir-FD.ttf"; path = "UI/Fonts/Vazir-FD.ttf"; sourceTree = "<group>"; };
		CBA548E51EBBFA1C00C06422 /* Vazir-Light-FD.ttf */ = {isa = PBXFileReference; lastKnownFileType = file; name = "Vazir-Light-FD.ttf"; path = "UI/Fonts/Vazir-Light-FD.ttf"; sourceTree = "<group>"; };
		CBA548E91EBBFA5900C06422 /* FontExtension.swift */ = {isa = PBXFileReference; fileEncoding = 4; lastKnownFileType = sourcecode.swift; name = FontExtension.swift; path = UI/Fonts/FontExtension.swift; sourceTree = "<group>"; };
		CBA64BD81E648DE700C06422 /* Ganjoor.app */ = {isa = PBXFileReference; explicitFileType = wrapper.application; includeInIndex = 0; path = Ganjoor.app; sourceTree = BUILT_PRODUCTS_DIR; };
		CBA64BDB1E648DE700C06422 /* AppDelegate.swift */ = {isa = PBXFileReference; lastKnownFileType = sourcecode.swift; path = AppDelegate.swift; sourceTree = "<group>"; };
		CBA64BE21E648DE700C06422 /* Assets.xcassets */ = {isa = PBXFileReference; lastKnownFileType = folder.assetcatalog; path = Assets.xcassets; sourceTree = "<group>"; };
		CBA64BE71E648DE700C06422 /* Info.plist */ = {isa = PBXFileReference; lastKnownFileType = text.plist.xml; path = Info.plist; sourceTree = "<group>"; };
		CBFC8C421E71E67600C06422 /* GanjoorProvider.swift */ = {isa = PBXFileReference; fileEncoding = 4; lastKnownFileType = sourcecode.swift; name = GanjoorProvider.swift; path = Core/API/GanjoorProvider.swift; sourceTree = "<group>"; };
		D0FF6FAB18E24219533960E5 /* Pods-Ganjoor.debug.xcconfig */ = {isa = PBXFileReference; includeInIndex = 1; lastKnownFileType = text.xcconfig; name = "Pods-Ganjoor.debug.xcconfig"; path = "Pods/Target Support Files/Pods-Ganjoor/Pods-Ganjoor.debug.xcconfig"; sourceTree = "<group>"; };
/* End PBXFileReference section */

/* Begin PBXFrameworksBuildPhase section */
		CBA64BD51E648DE700C06422 /* Frameworks */ = {
			isa = PBXFrameworksBuildPhase;
			buildActionMask = 2147483647;
			files = (
				BA114552F5BE9B562A040DA7 /* Pods_Ganjoor.framework in Frameworks */,
			);
			runOnlyForDeploymentPostprocessing = 0;
		};
/* End PBXFrameworksBuildPhase section */

/* Begin PBXGroup section */
		4ECD0FEF8BCDD196A6FEEE45 /* Pods */ = {
			isa = PBXGroup;
			children = (
				D0FF6FAB18E24219533960E5 /* Pods-Ganjoor.debug.xcconfig */,
				A743597C8BE92B6BAC95F56D /* Pods-Ganjoor.release.xcconfig */,
			);
			name = Pods;
			sourceTree = "<group>";
		};
		505A8AF17EEB7742FA6E6D3A /* Frameworks */ = {
			isa = PBXGroup;
			children = (
				374B1FA8C0CD6C1A54FF9020 /* Pods_Ganjoor.framework */,
			);
			name = Frameworks;
			sourceTree = "<group>";
		};
		CB06F9F51E79848600C06422 /* Category */ = {
			isa = PBXGroup;
			children = (
				CBA548DB1EBBF6C200C06422 /* CategoriesVC.swift */,
			);
			name = Category;
			sourceTree = "<group>";
		};
		CB06F9FE1E798C2600C06422 /* Poem */ = {
			isa = PBXGroup;
			children = (
				CB06F9FF1E798ED200C06422 /* PoemCategoryVC.swift */,
			);
			name = Poem;
			sourceTree = "<group>";
		};
		CB82AD971E6608E200C06422 /* Core */ = {
			isa = PBXGroup;
			children = (
				CBA548D91EBBEB8500C06422 /* Model */,
				CB82AD991E6608F400C06422 /* API */,
				CBA64BDB1E648DE700C06422 /* AppDelegate.swift */,
				CBA64BE71E648DE700C06422 /* Info.plist */,
			);
			name = Core;
			sourceTree = "<group>";
		};
		CB82AD981E6608E700C06422 /* UI */ = {
			isa = PBXGroup;
			children = (
				CB2A8CE01EBF6A6D00C06422 /* SelfSizedCell.swift */,
				CBBB82131E76C09100C06422 /* Poet */,
				CB06F9F51E79848600C06422 /* Category */,
				CB06F9FE1E798C2600C06422 /* Poem */,
				CBA548DA1EBBF68400C06422 /* Verse */,
				CBA548E21EBBF9E100C06422 /* Fonts */,
				CBA64BE21E648DE700C06422 /* Assets.xcassets */,
				CBA64BE41E648DE700C06422 /* LaunchScreen.storyboard */,
			);
			name = UI;
			sourceTree = "<group>";
		};
		CB82AD991E6608F400C06422 /* API */ = {
			isa = PBXGroup;
			children = (
				CBFC8C421E71E67600C06422 /* GanjoorProvider.swift */,
			);
			name = API;
			sourceTree = "<group>";
		};
		CBA548D91EBBEB8500C06422 /* Model */ = {
			isa = PBXGroup;
			children = (
				CBA548D71EBBEB8000C06422 /* Models.swift */,
			);
			name = Model;
			sourceTree = "<group>";
		};
		CBA548DA1EBBF68400C06422 /* Verse */ = {
			isa = PBXGroup;
			children = (
				CBA548DF1EBBF6D900C06422 /* VerseVC.swift */,
			);
			name = Verse;
			sourceTree = "<group>";
		};
		CBA548E21EBBF9E100C06422 /* Fonts */ = {
			isa = PBXGroup;
			children = (
				CBA548E31EBBFA1C00C06422 /* Vazir-Bold-FD.ttf */,
				CBA548E41EBBFA1C00C06422 /* Vazir-FD.ttf */,
				CBA548E51EBBFA1C00C06422 /* Vazir-Light-FD.ttf */,
				CBA548E91EBBFA5900C06422 /* FontExtension.swift */,
			);
			name = Fonts;
			sourceTree = "<group>";
		};
		CBA64BCF1E648DE700C06422 = {
			isa = PBXGroup;
			children = (
				CBA64BDA1E648DE700C06422 /* Ganjoor */,
				CBA64BD91E648DE700C06422 /* Products */,
				4ECD0FEF8BCDD196A6FEEE45 /* Pods */,
				505A8AF17EEB7742FA6E6D3A /* Frameworks */,
			);
			sourceTree = "<group>";
		};
		CBA64BD91E648DE700C06422 /* Products */ = {
			isa = PBXGroup;
			children = (
				CBA64BD81E648DE700C06422 /* Ganjoor.app */,
			);
			name = Products;
			sourceTree = "<group>";
		};
		CBA64BDA1E648DE700C06422 /* Ganjoor */ = {
			isa = PBXGroup;
			children = (
				CB82AD971E6608E200C06422 /* Core */,
				CB82AD981E6608E700C06422 /* UI */,
			);
			path = Ganjoor;
			sourceTree = "<group>";
		};
		CBBB82131E76C09100C06422 /* Poet */ = {
			isa = PBXGroup;
			children = (
				CBA548DD1EBBF6CA00C06422 /* PoetsVC.swift */,
			);
			name = Poet;
			sourceTree = "<group>";
		};
/* End PBXGroup section */

/* Begin PBXNativeTarget section */
		CBA64BD71E648DE700C06422 /* Ganjoor */ = {
			isa = PBXNativeTarget;
			buildConfigurationList = CBA64BEA1E648DE700C06422 /* Build configuration list for PBXNativeTarget "Ganjoor" */;
			buildPhases = (
				BA25E75DE75EBE628CF503C9 /* [CP] Check Pods Manifest.lock */,
				CBA64BD41E648DE700C06422 /* Sources */,
				CBA64BD51E648DE700C06422 /* Frameworks */,
				CBA64BD61E648DE700C06422 /* Resources */,
				60353CC9F1A097AFD41DA7E6 /* [CP] Embed Pods Frameworks */,
				9DE7188FD9D7860C5E13338D /* [CP] Copy Pods Resources */,
			);
			buildRules = (
			);
			dependencies = (
			);
			name = Ganjoor;
			productName = Ganjoor;
			productReference = CBA64BD81E648DE700C06422 /* Ganjoor.app */;
			productType = "com.apple.product-type.application";
		};
/* End PBXNativeTarget section */

/* Begin PBXProject section */
		CBA64BD01E648DE700C06422 /* Project object */ = {
			isa = PBXProject;
			attributes = {
				LastSwiftUpdateCheck = 0820;
				LastUpgradeCheck = 0820;
				ORGANIZATIONNAME = boon;
				TargetAttributes = {
					CBA64BD71E648DE700C06422 = {
						CreatedOnToolsVersion = 8.2.1;
						ProvisioningStyle = Manual;
					};
				};
			};
			buildConfigurationList = CBA64BD31E648DE700C06422 /* Build configuration list for PBXProject "Ganjoor" */;
			compatibilityVersion = "Xcode 3.2";
			developmentRegion = English;
			hasScannedForEncodings = 0;
			knownRegions = (
				Base,
			);
			mainGroup = CBA64BCF1E648DE700C06422;
			productRefGroup = CBA64BD91E648DE700C06422 /* Products */;
			projectDirPath = "";
			projectRoot = "";
			targets = (
				CBA64BD71E648DE700C06422 /* Ganjoor */,
			);
		};
/* End PBXProject section */

/* Begin PBXResourcesBuildPhase section */
		CBA64BD61E648DE700C06422 /* Resources */ = {
			isa = PBXResourcesBuildPhase;
			buildActionMask = 2147483647;
			files = (
				CBA64BE61E648DE700C06422 /* LaunchScreen.storyboard in Resources */,
				CBA64BE31E648DE700C06422 /* Assets.xcassets in Resources */,
				CBA548E61EBBFA1C00C06422 /* Vazir-Bold-FD.ttf in Resources */,
				CBA548E71EBBFA1C00C06422 /* Vazir-FD.ttf in Resources */,
				CBA548E81EBBFA1C00C06422 /* Vazir-Light-FD.ttf in Resources */,
			);
			runOnlyForDeploymentPostprocessing = 0;
		};
/* End PBXResourcesBuildPhase section */

/* Begin PBXShellScriptBuildPhase section */
		60353CC9F1A097AFD41DA7E6 /* [CP] Embed Pods Frameworks */ = {
			isa = PBXShellScriptBuildPhase;
			buildActionMask = 2147483647;
			files = (
			);
			inputPaths = (
			);
			name = "[CP] Embed Pods Frameworks";
			outputPaths = (
			);
			runOnlyForDeploymentPostprocessing = 0;
			shellPath = /bin/sh;
			shellScript = "\"${SRCROOT}/Pods/Target Support Files/Pods-Ganjoor/Pods-Ganjoor-frameworks.sh\"\n";
			showEnvVarsInLog = 0;
		};
		9DE7188FD9D7860C5E13338D /* [CP] Copy Pods Resources */ = {
			isa = PBXShellScriptBuildPhase;
			buildActionMask = 2147483647;
			files = (
			);
			inputPaths = (
			);
			name = "[CP] Copy Pods Resources";
			outputPaths = (
			);
			runOnlyForDeploymentPostprocessing = 0;
			shellPath = /bin/sh;
			shellScript = "\"${SRCROOT}/Pods/Target Support Files/Pods-Ganjoor/Pods-Ganjoor-resources.sh\"\n";
			showEnvVarsInLog = 0;
		};
		BA25E75DE75EBE628CF503C9 /* [CP] Check Pods Manifest.lock */ = {
			isa = PBXShellScriptBuildPhase;
			buildActionMask = 2147483647;
			files = (
			);
			inputPaths = (
			);
			name = "[CP] Check Pods Manifest.lock";
			outputPaths = (
			);
			runOnlyForDeploymentPostprocessing = 0;
			shellPath = /bin/sh;
			shellScript = "diff \"${PODS_ROOT}/../Podfile.lock\" \"${PODS_ROOT}/Manifest.lock\" > /dev/null\nif [ $? != 0 ] ; then\n    # print error to STDERR\n    echo \"error: The sandbox is not in sync with the Podfile.lock. Run 'pod install' or update your CocoaPods installation.\" >&2\n    exit 1\nfi\n";
			showEnvVarsInLog = 0;
		};
/* End PBXShellScriptBuildPhase section */

/* Begin PBXSourcesBuildPhase section */
		CBA64BD41E648DE700C06422 /* Sources */ = {
			isa = PBXSourcesBuildPhase;
			buildActionMask = 2147483647;
			files = (
				CBA64BDC1E648DE700C06422 /* AppDelegate.swift in Sources */,
				CB06FA001E798ED200C06422 /* PoemCategoryVC.swift in Sources */,
				CBA548EA1EBBFA5900C06422 /* FontExtension.swift in Sources */,
				CBFC8C431E71E67600C06422 /* GanjoorProvider.swift in Sources */,
				CBA548D81EBBEB8000C06422 /* Models.swift in Sources */,
				CB2A8CE11EBF6A6D00C06422 /* SelfSizedCell.swift in Sources */,
				CBA548E01EBBF6D900C06422 /* VerseVC.swift in Sources */,
				CBA548DE1EBBF6CA00C06422 /* PoetsVC.swift in Sources */,
				CBA548DC1EBBF6C200C06422 /* CategoriesVC.swift in Sources */,
			);
			runOnlyForDeploymentPostprocessing = 0;
		};
/* End PBXSourcesBuildPhase section */

/* Begin PBXVariantGroup section */
		CBA64BE41E648DE700C06422 /* LaunchScreen.storyboard */ = {
			isa = PBXVariantGroup;
			children = (
				CBA548E11EBBF93200C06422 /* fa-IR */,
			);
			name = LaunchScreen.storyboard;
			sourceTree = "<group>";
		};
/* End PBXVariantGroup section */

/* Begin XCBuildConfiguration section */
		CBA64BE81E648DE700C06422 /* Debug */ = {
			isa = XCBuildConfiguration;
			buildSettings = {
				ALWAYS_SEARCH_USER_PATHS = NO;
				CLANG_ANALYZER_LOCALIZABILITY_NONLOCALIZED = YES;
				CLANG_ANALYZER_NONNULL = YES;
				CLANG_CXX_LANGUAGE_STANDARD = "gnu++0x";
				CLANG_CXX_LIBRARY = "libc++";
				CLANG_ENABLE_MODULES = YES;
				CLANG_ENABLE_OBJC_ARC = YES;
				CLANG_WARN_BOOL_CONVERSION = YES;
				CLANG_WARN_CONSTANT_CONVERSION = YES;
				CLANG_WARN_DIRECT_OBJC_ISA_USAGE = YES_ERROR;
				CLANG_WARN_DOCUMENTATION_COMMENTS = YES;
				CLANG_WARN_EMPTY_BODY = YES;
				CLANG_WARN_ENUM_CONVERSION = YES;
				CLANG_WARN_INFINITE_RECURSION = YES;
				CLANG_WARN_INT_CONVERSION = YES;
				CLANG_WARN_OBJC_ROOT_CLASS = YES_ERROR;
				CLANG_WARN_SUSPICIOUS_MOVE = YES;
				CLANG_WARN_UNREACHABLE_CODE = YES;
				CLANG_WARN__DUPLICATE_METHOD_MATCH = YES;
				"CODE_SIGN_IDENTITY[sdk=iphoneos*]" = "iPhone Developer";
				COPY_PHASE_STRIP = NO;
				DEBUG_INFORMATION_FORMAT = dwarf;
				ENABLE_STRICT_OBJC_MSGSEND = YES;
				ENABLE_TESTABILITY = YES;
				GCC_C_LANGUAGE_STANDARD = gnu99;
				GCC_DYNAMIC_NO_PIC = NO;
				GCC_NO_COMMON_BLOCKS = YES;
				GCC_OPTIMIZATION_LEVEL = 0;
				GCC_PREPROCESSOR_DEFINITIONS = (
					"DEBUG=1",
					"$(inherited)",
				);
				GCC_WARN_64_TO_32_BIT_CONVERSION = YES;
				GCC_WARN_ABOUT_RETURN_TYPE = YES_ERROR;
				GCC_WARN_UNDECLARED_SELECTOR = YES;
				GCC_WARN_UNINITIALIZED_AUTOS = YES_AGGRESSIVE;
				GCC_WARN_UNUSED_FUNCTION = YES;
				GCC_WARN_UNUSED_VARIABLE = YES;
				IPHONEOS_DEPLOYMENT_TARGET = 10.2;
				MTL_ENABLE_DEBUG_INFO = YES;
				ONLY_ACTIVE_ARCH = YES;
				SDKROOT = iphoneos;
				SWIFT_ACTIVE_COMPILATION_CONDITIONS = DEBUG;
				SWIFT_OPTIMIZATION_LEVEL = "-Onone";
			};
			name = Debug;
		};
		CBA64BE91E648DE700C06422 /* Release */ = {
			isa = XCBuildConfiguration;
			buildSettings = {
				ALWAYS_SEARCH_USER_PATHS = NO;
				CLANG_ANALYZER_LOCALIZABILITY_NONLOCALIZED = YES;
				CLANG_ANALYZER_NONNULL = YES;
				CLANG_CXX_LANGUAGE_STANDARD = "gnu++0x";
				CLANG_CXX_LIBRARY = "libc++";
				CLANG_ENABLE_MODULES = YES;
				CLANG_ENABLE_OBJC_ARC = YES;
				CLANG_WARN_BOOL_CONVERSION = YES;
				CLANG_WARN_CONSTANT_CONVERSION = YES;
				CLANG_WARN_DIRECT_OBJC_ISA_USAGE = YES_ERROR;
				CLANG_WARN_DOCUMENTATION_COMMENTS = YES;
				CLANG_WARN_EMPTY_BODY = YES;
				CLANG_WARN_ENUM_CONVERSION = YES;
				CLANG_WARN_INFINITE_RECURSION = YES;
				CLANG_WARN_INT_CONVERSION = YES;
				CLANG_WARN_OBJC_ROOT_CLASS = YES_ERROR;
				CLANG_WARN_SUSPICIOUS_MOVE = YES;
				CLANG_WARN_UNREACHABLE_CODE = YES;
				CLANG_WARN__DUPLICATE_METHOD_MATCH = YES;
				"CODE_SIGN_IDENTITY[sdk=iphoneos*]" = "iPhone Developer";
				COPY_PHASE_STRIP = NO;
				DEBUG_INFORMATION_FORMAT = "dwarf-with-dsym";
				ENABLE_NS_ASSERTIONS = NO;
				ENABLE_STRICT_OBJC_MSGSEND = YES;
				GCC_C_LANGUAGE_STANDARD = gnu99;
				GCC_NO_COMMON_BLOCKS = YES;
				GCC_WARN_64_TO_32_BIT_CONVERSION = YES;
				GCC_WARN_ABOUT_RETURN_TYPE = YES_ERROR;
				GCC_WARN_UNDECLARED_SELECTOR = YES;
				GCC_WARN_UNINITIALIZED_AUTOS = YES_AGGRESSIVE;
				GCC_WARN_UNUSED_FUNCTION = YES;
				GCC_WARN_UNUSED_VARIABLE = YES;
				IPHONEOS_DEPLOYMENT_TARGET = 10.2;
				MTL_ENABLE_DEBUG_INFO = NO;
				SDKROOT = iphoneos;
				SWIFT_OPTIMIZATION_LEVEL = "-Owholemodule";
				VALIDATE_PRODUCT = YES;
			};
			name = Release;
		};
		CBA64BEB1E648DE700C06422 /* Debug */ = {
			isa = XCBuildConfiguration;
			baseConfigurationReference = D0FF6FAB18E24219533960E5 /* Pods-Ganjoor.debug.xcconfig */;
			buildSettings = {
				ASSETCATALOG_COMPILER_APPICON_NAME = AppIcon;
				"CODE_SIGN_IDENTITY[sdk=iphoneos*]" = "iPhone Developer";
				DEVELOPMENT_TEAM = "";
				INFOPLIST_FILE = Ganjoor/Info.plist;
				LD_RUNPATH_SEARCH_PATHS = "$(inherited) @executable_path/Frameworks";
				PRODUCT_BUNDLE_IDENTIFIER = boon.Ganjoor;
				PRODUCT_NAME = "$(TARGET_NAME)";
				PROVISIONING_PROFILE_SPECIFIER = "";
				SWIFT_VERSION = 3.0;
			};
			name = Debug;
		};
		CBA64BEC1E648DE700C06422 /* Release */ = {
			isa = XCBuildConfiguration;
			baseConfigurationReference = A743597C8BE92B6BAC95F56D /* Pods-Ganjoor.release.xcconfig */;
			buildSettings = {
				ASSETCATALOG_COMPILER_APPICON_NAME = AppIcon;
				"CODE_SIGN_IDENTITY[sdk=iphoneos*]" = "iPhone Developer";
				DEVELOPMENT_TEAM = "";
				INFOPLIST_FILE = Ganjoor/Info.plist;
				LD_RUNPATH_SEARCH_PATHS = "$(inherited) @executable_path/Frameworks";
				PRODUCT_BUNDLE_IDENTIFIER = boon.Ganjoor;
				PRODUCT_NAME = "$(TARGET_NAME)";
				PROVISIONING_PROFILE_SPECIFIER = "";
				SWIFT_VERSION = 3.0;
			};
			name = Release;
		};
/* End XCBuildConfiguration section */

/* Begin XCConfigurationList section */
		CBA64BD31E648DE700C06422 /* Build configuration list for PBXProject "Ganjoor" */ = {
			isa = XCConfigurationList;
			buildConfigurations = (
				CBA64BE81E648DE700C06422 /* Debug */,
				CBA64BE91E648DE700C06422 /* Release */,
			);
			defaultConfigurationIsVisible = 0;
			defaultConfigurationName = Release;
		};
		CBA64BEA1E648DE700C06422 /* Build configuration list for PBXNativeTarget "Ganjoor" */ = {
			isa = XCConfigurationList;
			buildConfigurations = (
				CBA64BEB1E648DE700C06422 /* Debug */,
				CBA64BEC1E648DE700C06422 /* Release */,
			);
			defaultConfigurationIsVisible = 0;
			defaultConfigurationName = Release;
		};
/* End XCConfigurationList section */
	};
	rootObject = CBA64BD01E648DE700C06422 /* Project object */;
}
